// !$*UTF8*$!
{
	archiveVersion = 1;
	classes = {
	};
	objectVersion = 50;
	objects = {

/* Begin PBXBuildFile section */
		A11C6A0E221C82E3007F256C /* player-1.png in Resources */ = {isa = PBXBuildFile; fileRef = A11C6A0D221C82E3007F256C /* player-1.png */; };
		A11C6A10221C82EA007F256C /* player-2.png in Resources */ = {isa = PBXBuildFile; fileRef = A11C6A0F221C82EA007F256C /* player-2.png */; };
		A11C6A14221C8699007F256C /* pink.jpg in Resources */ = {isa = PBXBuildFile; fileRef = A11C6A13221C8698007F256C /* pink.jpg */; };
		A11C6A17221CA188007F256C /* player-2-won.png in Resources */ = {isa = PBXBuildFile; fileRef = A11C6A15221CA187007F256C /* player-2-won.png */; };
		A11C6A18221CA188007F256C /* player-1-won.png in Resources */ = {isa = PBXBuildFile; fileRef = A11C6A16221CA187007F256C /* player-1-won.png */; };
		A11C6A1A221CA2D6007F256C /* board.png in Resources */ = {isa = PBXBuildFile; fileRef = A11C6A19221CA2D6007F256C /* board.png */; };
		A11C6A1C221CA42E007F256C /* restart.png in Resources */ = {isa = PBXBuildFile; fileRef = A11C6A1B221CA42D007F256C /* restart.png */; };
		BB0236BA21FF73260081F587 /* AppDelegate.swift in Sources */ = {isa = PBXBuildFile; fileRef = BB0236B921FF73260081F587 /* AppDelegate.swift */; };
		BB0236BC21FF73260081F587 /* ViewController.swift in Sources */ = {isa = PBXBuildFile; fileRef = BB0236BB21FF73260081F587 /* ViewController.swift */; };
		BB0236BF21FF73260081F587 /* Main.storyboard in Resources */ = {isa = PBXBuildFile; fileRef = BB0236BD21FF73260081F587 /* Main.storyboard */; };
		BB0236C121FF73270081F587 /* Assets.xcassets in Resources */ = {isa = PBXBuildFile; fileRef = BB0236C021FF73270081F587 /* Assets.xcassets */; };
		BB0236C421FF73270081F587 /* LaunchScreen.storyboard in Resources */ = {isa = PBXBuildFile; fileRef = BB0236C221FF73270081F587 /* LaunchScreen.storyboard */; };
/* End PBXBuildFile section */

/* Begin PBXFileReference section */
		A11C6A0D221C82E3007F256C /* player-1.png */ = {isa = PBXFileReference; lastKnownFileType = image.png; path = "player-1.png"; sourceTree = "<group>"; };
		A11C6A0F221C82EA007F256C /* player-2.png */ = {isa = PBXFileReference; lastKnownFileType = image.png; path = "player-2.png"; sourceTree = "<group>"; };
		A11C6A13221C8698007F256C /* pink.jpg */ = {isa = PBXFileReference; lastKnownFileType = image.jpeg; name = pink.jpg; path = ../../../pink.jpg; sourceTree = "<group>"; };
		A11C6A15221CA187007F256C /* player-2-won.png */ = {isa = PBXFileReference; lastKnownFileType = image.png; path = "player-2-won.png"; sourceTree = "<group>"; };
		A11C6A16221CA187007F256C /* player-1-won.png */ = {isa = PBXFileReference; lastKnownFileType = image.png; path = "player-1-won.png"; sourceTree = "<group>"; };
		A11C6A19221CA2D6007F256C /* board.png */ = {isa = PBXFileReference; lastKnownFileType = image.png; path = board.png; sourceTree = "<group>"; };
		A11C6A1B221CA42D007F256C /* restart.png */ = {isa = PBXFileReference; lastKnownFileType = image.png; path = restart.png; sourceTree = "<group>"; };
		BB0236B621FF73260081F587 /* TicTacToe.app */ = {isa = PBXFileReference; explicitFileType = wrapper.application; includeInIndex = 0; path = TicTacToe.app; sourceTree = BUILT_PRODUCTS_DIR; };
		BB0236B921FF73260081F587 /* AppDelegate.swift */ = {isa = PBXFileReference; lastKnownFileType = sourcecode.swift; path = AppDelegate.swift; sourceTree = "<group>"; };
		BB0236BB21FF73260081F587 /* ViewController.swift */ = {isa = PBXFileReference; lastKnownFileType = sourcecode.swift; path = ViewController.swift; sourceTree = "<group>"; };
		BB0236BE21FF73260081F587 /* Base */ = {isa = PBXFileReference; lastKnownFileType = file.storyboard; name = Base; path = Base.lproj/Main.storyboard; sourceTree = "<group>"; };
		BB0236C021FF73270081F587 /* Assets.xcassets */ = {isa = PBXFileReference; lastKnownFileType = folder.assetcatalog; path = Assets.xcassets; sourceTree = "<group>"; };
		BB0236C321FF73270081F587 /* Base */ = {isa = PBXFileReference; lastKnownFileType = file.storyboard; name = Base; path = Base.lproj/LaunchScreen.storyboard; sourceTree = "<group>"; };
		BB0236C521FF73270081F587 /* Info.plist */ = {isa = PBXFileReference; lastKnownFileType = text.plist.xml; path = Info.plist; sourceTree = "<group>"; };
/* End PBXFileReference section */

/* Begin PBXFrameworksBuildPhase section */
		BB0236B321FF73260081F587 /* Frameworks */ = {
			isa = PBXFrameworksBuildPhase;
			buildActionMask = 2147483647;
			files = (
			);
			runOnlyForDeploymentPostprocessing = 0;
		};
/* End PBXFrameworksBuildPhase section */

/* Begin PBXGroup section */
		BB0236AD21FF73260081F587 = {
			isa = PBXGroup;
			children = (
				BB0236B821FF73260081F587 /* TicTacToe */,
				BB0236B721FF73260081F587 /* Products */,
			);
			sourceTree = "<group>";
		};
		BB0236B721FF73260081F587 /* Products */ = {
			isa = PBXGroup;
			children = (
				BB0236B621FF73260081F587 /* TicTacToe.app */,
			);
			name = Products;
			sourceTree = "<group>";
		};
		BB0236B821FF73260081F587 /* TicTacToe */ = {
			isa = PBXGroup;
			children = (
				BB0236B921FF73260081F587 /* AppDelegate.swift */,
				BB0236BB21FF73260081F587 /* ViewController.swift */,
				BB0236BD21FF73260081F587 /* Main.storyboard */,
				BB0236C021FF73270081F587 /* Assets.xcassets */,
				A11C6A16221CA187007F256C /* player-1-won.png */,
				A11C6A15221CA187007F256C /* player-2-won.png */,
				A11C6A1B221CA42D007F256C /* restart.png */,
				A11C6A0F221C82EA007F256C /* player-2.png */,
				A11C6A19221CA2D6007F256C /* board.png */,
				A11C6A13221C8698007F256C /* pink.jpg */,
				A11C6A0D221C82E3007F256C /* player-1.png */,
				BB0236C221FF73270081F587 /* LaunchScreen.storyboard */,
				BB0236C521FF73270081F587 /* Info.plist */,
			);
			path = TicTacToe;
			sourceTree = "<group>";
		};
/* End PBXGroup section */

/* Begin PBXNativeTarget section */
		BB0236B521FF73260081F587 /* TicTacToe */ = {
			isa = PBXNativeTarget;
			buildConfigurationList = BB0236C821FF73270081F587 /* Build configuration list for PBXNativeTarget "TicTacToe" */;
			buildPhases = (
				BB0236B221FF73260081F587 /* Sources */,
				BB0236B321FF73260081F587 /* Frameworks */,
				BB0236B421FF73260081F587 /* Resources */,
			);
			buildRules = (
			);
			dependencies = (
			);
			name = TicTacToe;
			productName = TicTacToe;
			productReference = BB0236B621FF73260081F587 /* TicTacToe.app */;
			productType = "com.apple.product-type.application";
		};
/* End PBXNativeTarget section */

/* Begin PBXProject section */
		BB0236AE21FF73260081F587 /* Project object */ = {
			isa = PBXProject;
			attributes = {
				LastSwiftUpdateCheck = 1010;
				LastUpgradeCheck = 1010;
				ORGANIZATIONNAME = Alireza;
				TargetAttributes = {
					BB0236B521FF73260081F587 = {
						CreatedOnToolsVersion = 10.1;
					};
				};
			};
			buildConfigurationList = BB0236B121FF73260081F587 /* Build configuration list for PBXProject "TicTacToe" */;
			compatibilityVersion = "Xcode 9.3";
			developmentRegion = en;
			hasScannedForEncodings = 0;
			knownRegions = (
				en,
				Base,
			);
			mainGroup = BB0236AD21FF73260081F587;
			productRefGroup = BB0236B721FF73260081F587 /* Products */;
			projectDirPath = "";
			projectRoot = "";
			targets = (
				BB0236B521FF73260081F587 /* TicTacToe */,
			);
		};
/* End PBXProject section */

/* Begin PBXResourcesBuildPhase section */
		BB0236B421FF73260081F587 /* Resources */ = {
			isa = PBXResourcesBuildPhase;
			buildActionMask = 2147483647;
			files = (
				BB0236C421FF73270081F587 /* LaunchScreen.storyboard in Resources */,
				A11C6A14221C8699007F256C /* pink.jpg in Resources */,
				A11C6A1A221CA2D6007F256C /* board.png in Resources */,
				A11C6A17221CA188007F256C /* player-2-won.png in Resources */,
				A11C6A0E221C82E3007F256C /* player-1.png in Resources */,
				BB0236C121FF73270081F587 /* Assets.xcassets in Resources */,
				A11C6A18221CA188007F256C /* player-1-won.png in Resources */,
				A11C6A10221C82EA007F256C /* player-2.png in Resources */,
				BB0236BF21FF73260081F587 /* Main.storyboard in Resources */,
				A11C6A1C221CA42E007F256C /* restart.png in Resources */,
			);
			runOnlyForDeploymentPostprocessing = 0;
		};
/* End PBXResourcesBuildPhase section */

/* Begin PBXSourcesBuildPhase section */
		BB0236B221FF73260081F587 /* Sources */ = {
			isa = PBXSourcesBuildPhase;
			buildActionMask = 2147483647;
			files = (
				BB0236BC21FF73260081F587 /* ViewController.swift in Sources */,
				BB0236BA21FF73260081F587 /* AppDelegate.swift in Sources */,
			);
			runOnlyForDeploymentPostprocessing = 0;
		};
/* End PBXSourcesBuildPhase section */

/* Begin PBXVariantGroup section */
		BB0236BD21FF73260081F587 /* Main.storyboard */ = {
			isa = PBXVariantGroup;
			children = (
				BB0236BE21FF73260081F587 /* Base */,
			);
			name = Main.storyboard;
			sourceTree = "<group>";
		};
		BB0236C221FF73270081F587 /* LaunchScreen.storyboard */ = {
			isa = PBXVariantGroup;
			children = (
				BB0236C321FF73270081F587 /* Base */,
			);
			name = LaunchScreen.storyboard;
			sourceTree = "<group>";
		};
/* End PBXVariantGroup section */

/* Begin XCBuildConfiguration section */
		BB0236C621FF73270081F587 /* Debug */ = {
			isa = XCBuildConfiguration;
			buildSettings = {
				ALWAYS_SEARCH_USER_PATHS = NO;
				CLANG_ANALYZER_NONNULL = YES;
				CLANG_ANALYZER_NUMBER_OBJECT_CONVERSION = YES_AGGRESSIVE;
				CLANG_CXX_LANGUAGE_STANDARD = "gnu++14";
				CLANG_CXX_LIBRARY = "libc++";
				CLANG_ENABLE_MODULES = YES;
				CLANG_ENABLE_OBJC_ARC = YES;
				CLANG_ENABLE_OBJC_WEAK = YES;
				CLANG_WARN_BLOCK_CAPTURE_AUTORELEASING = YES;
				CLANG_WARN_BOOL_CONVERSION = YES;
				CLANG_WARN_COMMA = YES;
				CLANG_WARN_CONSTANT_CONVERSION = YES;
				CLANG_WARN_DEPRECATED_OBJC_IMPLEMENTATIONS = YES;
				CLANG_WARN_DIRECT_OBJC_ISA_USAGE = YES_ERROR;
				CLANG_WARN_DOCUMENTATION_COMMENTS = YES;
				CLANG_WARN_EMPTY_BODY = YES;
				CLANG_WARN_ENUM_CONVERSION = YES;
				CLANG_WARN_INFINITE_RECURSION = YES;
				CLANG_WARN_INT_CONVERSION = YES;
				CLANG_WARN_NON_LITERAL_NULL_CONVERSION = YES;
				CLANG_WARN_OBJC_IMPLICIT_RETAIN_SELF = YES;
				CLANG_WARN_OBJC_LITERAL_CONVERSION = YES;
				CLANG_WARN_OBJC_ROOT_CLASS = YES_ERROR;
				CLANG_WARN_RANGE_LOOP_ANALYSIS = YES;
				CLANG_WARN_STRICT_PROTOTYPES = YES;
				CLANG_WARN_SUSPICIOUS_MOVE = YES;
				CLANG_WARN_UNGUARDED_AVAILABILITY = YES_AGGRESSIVE;
				CLANG_WARN_UNREACHABLE_CODE = YES;
				CLANG_WARN__DUPLICATE_METHOD_MATCH = YES;
				CODE_SIGN_IDENTITY = "iPhone Developer";
				COPY_PHASE_STRIP = NO;
				DEBUG_INFORMATION_FORMAT = dwarf;
				ENABLE_STRICT_OBJC_MSGSEND = YES;
				ENABLE_TESTABILITY = YES;
				GCC_C_LANGUAGE_STANDARD = gnu11;
				GCC_DYNAMIC_NO_PIC = NO;
				GCC_NO_COMMON_BLOCKS = YES;
				GCC_OPTIMIZATION_LEVEL = 0;
				GCC_PREPROCESSOR_DEFINITIONS = (
					"DEBUG=1",
					"$(inherited)",
				);
				GCC_WARN_64_TO_32_BIT_CONVERSION = YES;
				GCC_WARN_ABOUT_RETURN_TYPE = YES_ERROR;
				GCC_WARN_UNDECLARED_SELECTOR = YES;
				GCC_WARN_UNINITIALIZED_AUTOS = YES_AGGRESSIVE;
				GCC_WARN_UNUSED_FUNCTION = YES;
				GCC_WARN_UNUSED_VARIABLE = YES;
				IPHONEOS_DEPLOYMENT_TARGET = 12.1;
				MTL_ENABLE_DEBUG_INFO = INCLUDE_SOURCE;
				MTL_FAST_MATH = YES;
				ONLY_ACTIVE_ARCH = YES;
				SDKROOT = iphoneos;
				SWIFT_ACTIVE_COMPILATION_CONDITIONS = DEBUG;
				SWIFT_OPTIMIZATION_LEVEL = "-Onone";
			};
			name = Debug;
		};
		BB0236C721FF73270081F587 /* Release */ = {
			isa = XCBuildConfiguration;
			buildSettings = {
				ALWAYS_SEARCH_USER_PATHS = NO;
				CLANG_ANALYZER_NONNULL = YES;
				CLANG_ANALYZER_NUMBER_OBJECT_CONVERSION = YES_AGGRESSIVE;
				CLANG_CXX_LANGUAGE_STANDARD = "gnu++14";
				CLANG_CXX_LIBRARY = "libc++";
				CLANG_ENABLE_MODULES = YES;
				CLANG_ENABLE_OBJC_ARC = YES;
				CLANG_ENABLE_OBJC_WEAK = YES;
				CLANG_WARN_BLOCK_CAPTURE_AUTORELEASING = YES;
				CLANG_WARN_BOOL_CONVERSION = YES;
				CLANG_WARN_COMMA = YES;
				CLANG_WARN_CONSTANT_CONVERSION = YES;
				CLANG_WARN_DEPRECATED_OBJC_IMPLEMENTATIONS = YES;
				CLANG_WARN_DIRECT_OBJC_ISA_USAGE = YES_ERROR;
				CLANG_WARN_DOCUMENTATION_COMMENTS = YES;
				CLANG_WARN_EMPTY_BODY = YES;
				CLANG_WARN_ENUM_CONVERSION = YES;
				CLANG_WARN_INFINITE_RECURSION = YES;
				CLANG_WARN_INT_CONVERSION = YES;
				CLANG_WARN_NON_LITERAL_NULL_CONVERSION = YES;
				CLANG_WARN_OBJC_IMPLICIT_RETAIN_SELF = YES;
				CLANG_WARN_OBJC_LITERAL_CONVERSION = YES;
				CLANG_WARN_OBJC_ROOT_CLASS = YES_ERROR;
				CLANG_WARN_RANGE_LOOP_ANALYSIS = YES;
				CLANG_WARN_STRICT_PROTOTYPES = YES;
				CLANG_WARN_SUSPICIOUS_MOVE = YES;
				CLANG_WARN_UNGUARDED_AVAILABILITY = YES_AGGRESSIVE;
				CLANG_WARN_UNREACHABLE_CODE = YES;
				CLANG_WARN__DUPLICATE_METHOD_MATCH = YES;
				CODE_SIGN_IDENTITY = "iPhone Developer";
				COPY_PHASE_STRIP = NO;
				DEBUG_INFORMATION_FORMAT = "dwarf-with-dsym";
				ENABLE_NS_ASSERTIONS = NO;
				ENABLE_STRICT_OBJC_MSGSEND = YES;
				GCC_C_LANGUAGE_STANDARD = gnu11;
				GCC_NO_COMMON_BLOCKS = YES;
				GCC_WARN_64_TO_32_BIT_CONVERSION = YES;
				GCC_WARN_ABOUT_RETURN_TYPE = YES_ERROR;
				GCC_WARN_UNDECLARED_SELECTOR = YES;
				GCC_WARN_UNINITIALIZED_AUTOS = YES_AGGRESSIVE;
				GCC_WARN_UNUSED_FUNCTION = YES;
				GCC_WARN_UNUSED_VARIABLE = YES;
				IPHONEOS_DEPLOYMENT_TARGET = 12.1;
				MTL_ENABLE_DEBUG_INFO = NO;
				MTL_FAST_MATH = YES;
				SDKROOT = iphoneos;
				SWIFT_COMPILATION_MODE = wholemodule;
				SWIFT_OPTIMIZATION_LEVEL = "-O";
				VALIDATE_PRODUCT = YES;
			};
			name = Release;
		};
		BB0236C921FF73270081F587 /* Debug */ = {
			isa = XCBuildConfiguration;
			buildSettings = {
				ASSETCATALOG_COMPILER_APPICON_NAME = AppIcon;
				CODE_SIGN_STYLE = Automatic;
				DEVELOPMENT_TEAM = 35JKS9G9KM;
				INFOPLIST_FILE = TicTacToe/Info.plist;
				LD_RUNPATH_SEARCH_PATHS = (
					"$(inherited)",
					"@executable_path/Frameworks",
				);
				PRODUCT_BUNDLE_IDENTIFIER = ca.seneca.TicTacToe;
				PRODUCT_NAME = "$(TARGET_NAME)";
				SWIFT_VERSION = 4.2;
				TARGETED_DEVICE_FAMILY = "1,2";
			};
			name = Debug;
		};
		BB0236CA21FF73270081F587 /* Release */ = {
			isa = XCBuildConfiguration;
			buildSettings = {
				ASSETCATALOG_COMPILER_APPICON_NAME = AppIcon;
				CODE_SIGN_STYLE = Automatic;
				DEVELOPMENT_TEAM = 35JKS9G9KM;
				INFOPLIST_FILE = TicTacToe/Info.plist;
				LD_RUNPATH_SEARCH_PATHS = (
					"$(inherited)",
					"@executable_path/Frameworks",
				);
				PRODUCT_BUNDLE_IDENTIFIER = ca.seneca.TicTacToe;
				PRODUCT_NAME = "$(TARGET_NAME)";
				SWIFT_VERSION = 4.2;
				TARGETED_DEVICE_FAMILY = "1,2";
			};
			name = Release;
		};
/* End XCBuildConfiguration section */

/* Begin XCConfigurationList section */
		BB0236B121FF73260081F587 /* Build configuration list for PBXProject "TicTacToe" */ = {
			isa = XCConfigurationList;
			buildConfigurations = (
				BB0236C621FF73270081F587 /* Debug */,
				BB0236C721FF73270081F587 /* Release */,
			);
			defaultConfigurationIsVisible = 0;
			defaultConfigurationName = Release;
		};
		BB0236C821FF73270081F587 /* Build configuration list for PBXNativeTarget "TicTacToe" */ = {
			isa = XCConfigurationList;
			buildConfigurations = (
				BB0236C921FF73270081F587 /* Debug */,
				BB0236CA21FF73270081F587 /* Release */,
			);
			defaultConfigurationIsVisible = 0;
			defaultConfigurationName = Release;
		};
/* End XCConfigurationList section */
	};
	rootObject = BB0236AE21FF73260081F587 /* Project object */;
}
