// !$*UTF8*$!
{
	archiveVersion = 1;
	classes = {
	};
	objectVersion = 50;
	objects = {

/* Begin PBXBuildFile section */
		AAA2B7ED21E62D72002DFEFC /* AppDelegate.swift in Sources */ = {isa = PBXBuildFile; fileRef = AAA2B7EC21E62D72002DFEFC /* AppDelegate.swift */; };
		AAA2B7EF21E62D72002DFEFC /* ViewController.swift in Sources */ = {isa = PBXBuildFile; fileRef = AAA2B7EE21E62D72002DFEFC /* ViewController.swift */; };
		AAA2B7F221E62D72002DFEFC /* Main.storyboard in Resources */ = {isa = PBXBuildFile; fileRef = AAA2B7F021E62D72002DFEFC /* Main.storyboard */; };
		AAA2B7F421E62D74002DFEFC /* Assets.xcassets in Resources */ = {isa = PBXBuildFile; fileRef = AAA2B7F321E62D74002DFEFC /* Assets.xcassets */; };
		AAA2B7F721E62D74002DFEFC /* LaunchScreen.storyboard in Resources */ = {isa = PBXBuildFile; fileRef = AAA2B7F521E62D74002DFEFC /* LaunchScreen.storyboard */; };
		AAA2B80221E62D74002DFEFC /* Lab1Tests.swift in Sources */ = {isa = PBXBuildFile; fileRef = AAA2B80121E62D74002DFEFC /* Lab1Tests.swift */; };
		AAA2B80D21E62D74002DFEFC /* Lab1UITests.swift in Sources */ = {isa = PBXBuildFile; fileRef = AAA2B80C21E62D74002DFEFC /* Lab1UITests.swift */; };
/* End PBXBuildFile section */

/* Begin PBXContainerItemProxy section */
		AAA2B7FE21E62D74002DFEFC /* PBXContainerItemProxy */ = {
			isa = PBXContainerItemProxy;
			containerPortal = AAA2B7E121E62D72002DFEFC /* Project object */;
			proxyType = 1;
			remoteGlobalIDString = AAA2B7E821E62D72002DFEFC;
			remoteInfo = Lab1;
		};
		AAA2B80921E62D74002DFEFC /* PBXContainerItemProxy */ = {
			isa = PBXContainerItemProxy;
			containerPortal = AAA2B7E121E62D72002DFEFC /* Project object */;
			proxyType = 1;
			remoteGlobalIDString = AAA2B7E821E62D72002DFEFC;
			remoteInfo = Lab1;
		};
/* End PBXContainerItemProxy section */

/* Begin PBXFileReference section */
		AAA2B7E921E62D72002DFEFC /* Lab1.app */ = {isa = PBXFileReference; explicitFileType = wrapper.application; includeInIndex = 0; path = Lab1.app; sourceTree = BUILT_PRODUCTS_DIR; };
		AAA2B7EC21E62D72002DFEFC /* AppDelegate.swift */ = {isa = PBXFileReference; lastKnownFileType = sourcecode.swift; path = AppDelegate.swift; sourceTree = "<group>"; };
		AAA2B7EE21E62D72002DFEFC /* ViewController.swift */ = {isa = PBXFileReference; lastKnownFileType = sourcecode.swift; path = ViewController.swift; sourceTree = "<group>"; };
		AAA2B7F121E62D72002DFEFC /* Base */ = {isa = PBXFileReference; lastKnownFileType = file.storyboard; name = Base; path = Base.lproj/Main.storyboard; sourceTree = "<group>"; };
		AAA2B7F321E62D74002DFEFC /* Assets.xcassets */ = {isa = PBXFileReference; lastKnownFileType = folder.assetcatalog; path = Assets.xcassets; sourceTree = "<group>"; };
		AAA2B7F621E62D74002DFEFC /* Base */ = {isa = PBXFileReference; lastKnownFileType = file.storyboard; name = Base; path = Base.lproj/LaunchScreen.storyboard; sourceTree = "<group>"; };
		AAA2B7F821E62D74002DFEFC /* Info.plist */ = {isa = PBXFileReference; lastKnownFileType = text.plist.xml; path = Info.plist; sourceTree = "<group>"; };
		AAA2B7FD21E62D74002DFEFC /* Lab1Tests.xctest */ = {isa = PBXFileReference; explicitFileType = wrapper.cfbundle; includeInIndex = 0; path = Lab1Tests.xctest; sourceTree = BUILT_PRODUCTS_DIR; };
		AAA2B80121E62D74002DFEFC /* Lab1Tests.swift */ = {isa = PBXFileReference; lastKnownFileType = sourcecode.swift; path = Lab1Tests.swift; sourceTree = "<group>"; };
		AAA2B80321E62D74002DFEFC /* Info.plist */ = {isa = PBXFileReference; lastKnownFileType = text.plist.xml; path = Info.plist; sourceTree = "<group>"; };
		AAA2B80821E62D74002DFEFC /* Lab1UITests.xctest */ = {isa = PBXFileReference; explicitFileType = wrapper.cfbundle; includeInIndex = 0; path = Lab1UITests.xctest; sourceTree = BUILT_PRODUCTS_DIR; };
		AAA2B80C21E62D74002DFEFC /* Lab1UITests.swift */ = {isa = PBXFileReference; lastKnownFileType = sourcecode.swift; path = Lab1UITests.swift; sourceTree = "<group>"; };
		AAA2B80E21E62D74002DFEFC /* Info.plist */ = {isa = PBXFileReference; lastKnownFileType = text.plist.xml; path = Info.plist; sourceTree = "<group>"; };
/* End PBXFileReference section */

/* Begin PBXFrameworksBuildPhase section */
		AAA2B7E621E62D72002DFEFC /* Frameworks */ = {
			isa = PBXFrameworksBuildPhase;
			buildActionMask = 2147483647;
			files = (
			);
			runOnlyForDeploymentPostprocessing = 0;
		};
		AAA2B7FA21E62D74002DFEFC /* Frameworks */ = {
			isa = PBXFrameworksBuildPhase;
			buildActionMask = 2147483647;
			files = (
			);
			runOnlyForDeploymentPostprocessing = 0;
		};
		AAA2B80521E62D74002DFEFC /* Frameworks */ = {
			isa = PBXFrameworksBuildPhase;
			buildActionMask = 2147483647;
			files = (
			);
			runOnlyForDeploymentPostprocessing = 0;
		};
/* End PBXFrameworksBuildPhase section */

/* Begin PBXGroup section */
		AAA2B7E021E62D72002DFEFC = {
			isa = PBXGroup;
			children = (
				AAA2B7EB21E62D72002DFEFC /* Lab1 */,
				AAA2B80021E62D74002DFEFC /* Lab1Tests */,
				AAA2B80B21E62D74002DFEFC /* Lab1UITests */,
				AAA2B7EA21E62D72002DFEFC /* Products */,
			);
			sourceTree = "<group>";
		};
		AAA2B7EA21E62D72002DFEFC /* Products */ = {
			isa = PBXGroup;
			children = (
				AAA2B7E921E62D72002DFEFC /* Lab1.app */,
				AAA2B7FD21E62D74002DFEFC /* Lab1Tests.xctest */,
				AAA2B80821E62D74002DFEFC /* Lab1UITests.xctest */,
			);
			name = Products;
			sourceTree = "<group>";
		};
		AAA2B7EB21E62D72002DFEFC /* Lab1 */ = {
			isa = PBXGroup;
			children = (
				AAA2B7EC21E62D72002DFEFC /* AppDelegate.swift */,
				AAA2B7EE21E62D72002DFEFC /* ViewController.swift */,
				AAA2B7F021E62D72002DFEFC /* Main.storyboard */,
				AAA2B7F321E62D74002DFEFC /* Assets.xcassets */,
				AAA2B7F521E62D74002DFEFC /* LaunchScreen.storyboard */,
				AAA2B7F821E62D74002DFEFC /* Info.plist */,
			);
			path = Lab1;
			sourceTree = "<group>";
		};
		AAA2B80021E62D74002DFEFC /* Lab1Tests */ = {
			isa = PBXGroup;
			children = (
				AAA2B80121E62D74002DFEFC /* Lab1Tests.swift */,
				AAA2B80321E62D74002DFEFC /* Info.plist */,
			);
			path = Lab1Tests;
			sourceTree = "<group>";
		};
		AAA2B80B21E62D74002DFEFC /* Lab1UITests */ = {
			isa = PBXGroup;
			children = (
				AAA2B80C21E62D74002DFEFC /* Lab1UITests.swift */,
				AAA2B80E21E62D74002DFEFC /* Info.plist */,
			);
			path = Lab1UITests;
			sourceTree = "<group>";
		};
/* End PBXGroup section */

/* Begin PBXNativeTarget section */
		AAA2B7E821E62D72002DFEFC /* Lab1 */ = {
			isa = PBXNativeTarget;
			buildConfigurationList = AAA2B81121E62D74002DFEFC /* Build configuration list for PBXNativeTarget "Lab1" */;
			buildPhases = (
				AAA2B7E521E62D72002DFEFC /* Sources */,
				AAA2B7E621E62D72002DFEFC /* Frameworks */,
				AAA2B7E721E62D72002DFEFC /* Resources */,
			);
			buildRules = (
			);
			dependencies = (
			);
			name = Lab1;
			productName = Lab1;
			productReference = AAA2B7E921E62D72002DFEFC /* Lab1.app */;
			productType = "com.apple.product-type.application";
		};
		AAA2B7FC21E62D74002DFEFC /* Lab1Tests */ = {
			isa = PBXNativeTarget;
			buildConfigurationList = AAA2B81421E62D74002DFEFC /* Build configuration list for PBXNativeTarget "Lab1Tests" */;
			buildPhases = (
				AAA2B7F921E62D74002DFEFC /* Sources */,
				AAA2B7FA21E62D74002DFEFC /* Frameworks */,
				AAA2B7FB21E62D74002DFEFC /* Resources */,
			);
			buildRules = (
			);
			dependencies = (
				AAA2B7FF21E62D74002DFEFC /* PBXTargetDependency */,
			);
			name = Lab1Tests;
			productName = Lab1Tests;
			productReference = AAA2B7FD21E62D74002DFEFC /* Lab1Tests.xctest */;
			productType = "com.apple.product-type.bundle.unit-test";
		};
		AAA2B80721E62D74002DFEFC /* Lab1UITests */ = {
			isa = PBXNativeTarget;
			buildConfigurationList = AAA2B81721E62D74002DFEFC /* Build configuration list for PBXNativeTarget "Lab1UITests" */;
			buildPhases = (
				AAA2B80421E62D74002DFEFC /* Sources */,
				AAA2B80521E62D74002DFEFC /* Frameworks */,
				AAA2B80621E62D74002DFEFC /* Resources */,
			);
			buildRules = (
			);
			dependencies = (
				AAA2B80A21E62D74002DFEFC /* PBXTargetDependency */,
			);
			name = Lab1UITests;
			productName = Lab1UITests;
			productReference = AAA2B80821E62D74002DFEFC /* Lab1UITests.xctest */;
			productType = "com.apple.product-type.bundle.ui-testing";
		};
/* End PBXNativeTarget section */

/* Begin PBXProject section */
		AAA2B7E121E62D72002DFEFC /* Project object */ = {
			isa = PBXProject;
			attributes = {
				LastSwiftUpdateCheck = 1010;
				LastUpgradeCheck = 1010;
				ORGANIZATIONNAME = dev;
				TargetAttributes = {
					AAA2B7E821E62D72002DFEFC = {
						CreatedOnToolsVersion = 10.1;
					};
					AAA2B7FC21E62D74002DFEFC = {
						CreatedOnToolsVersion = 10.1;
						TestTargetID = AAA2B7E821E62D72002DFEFC;
					};
					AAA2B80721E62D74002DFEFC = {
						CreatedOnToolsVersion = 10.1;
						TestTargetID = AAA2B7E821E62D72002DFEFC;
					};
				};
			};
			buildConfigurationList = AAA2B7E421E62D72002DFEFC /* Build configuration list for PBXProject "Lab1" */;
			compatibilityVersion = "Xcode 9.3";
			developmentRegion = en;
			hasScannedForEncodings = 0;
			knownRegions = (
				en,
				Base,
			);
			mainGroup = AAA2B7E021E62D72002DFEFC;
			productRefGroup = AAA2B7EA21E62D72002DFEFC /* Products */;
			projectDirPath = "";
			projectRoot = "";
			targets = (
				AAA2B7E821E62D72002DFEFC /* Lab1 */,
				AAA2B7FC21E62D74002DFEFC /* Lab1Tests */,
				AAA2B80721E62D74002DFEFC /* Lab1UITests */,
			);
		};
/* End PBXProject section */

/* Begin PBXResourcesBuildPhase section */
		AAA2B7E721E62D72002DFEFC /* Resources */ = {
			isa = PBXResourcesBuildPhase;
			buildActionMask = 2147483647;
			files = (
				AAA2B7F721E62D74002DFEFC /* LaunchScreen.storyboard in Resources */,
				AAA2B7F421E62D74002DFEFC /* Assets.xcassets in Resources */,
				AAA2B7F221E62D72002DFEFC /* Main.storyboard in Resources */,
			);
			runOnlyForDeploymentPostprocessing = 0;
		};
		AAA2B7FB21E62D74002DFEFC /* Resources */ = {
			isa = PBXResourcesBuildPhase;
			buildActionMask = 2147483647;
			files = (
			);
			runOnlyForDeploymentPostprocessing = 0;
		};
		AAA2B80621E62D74002DFEFC /* Resources */ = {
			isa = PBXResourcesBuildPhase;
			buildActionMask = 2147483647;
			files = (
			);
			runOnlyForDeploymentPostprocessing = 0;
		};
/* End PBXResourcesBuildPhase section */

/* Begin PBXSourcesBuildPhase section */
		AAA2B7E521E62D72002DFEFC /* Sources */ = {
			isa = PBXSourcesBuildPhase;
			buildActionMask = 2147483647;
			files = (
				AAA2B7EF21E62D72002DFEFC /* ViewController.swift in Sources */,
				AAA2B7ED21E62D72002DFEFC /* AppDelegate.swift in Sources */,
			);
			runOnlyForDeploymentPostprocessing = 0;
		};
		AAA2B7F921E62D74002DFEFC /* Sources */ = {
			isa = PBXSourcesBuildPhase;
			buildActionMask = 2147483647;
			files = (
				AAA2B80221E62D74002DFEFC /* Lab1Tests.swift in Sources */,
			);
			runOnlyForDeploymentPostprocessing = 0;
		};
		AAA2B80421E62D74002DFEFC /* Sources */ = {
			isa = PBXSourcesBuildPhase;
			buildActionMask = 2147483647;
			files = (
				AAA2B80D21E62D74002DFEFC /* Lab1UITests.swift in Sources */,
			);
			runOnlyForDeploymentPostprocessing = 0;
		};
/* End PBXSourcesBuildPhase section */

/* Begin PBXTargetDependency section */
		AAA2B7FF21E62D74002DFEFC /* PBXTargetDependency */ = {
			isa = PBXTargetDependency;
			target = AAA2B7E821E62D72002DFEFC /* Lab1 */;
			targetProxy = AAA2B7FE21E62D74002DFEFC /* PBXContainerItemProxy */;
		};
		AAA2B80A21E62D74002DFEFC /* PBXTargetDependency */ = {
			isa = PBXTargetDependency;
			target = AAA2B7E821E62D72002DFEFC /* Lab1 */;
			targetProxy = AAA2B80921E62D74002DFEFC /* PBXContainerItemProxy */;
		};
/* End PBXTargetDependency section */

/* Begin PBXVariantGroup section */
		AAA2B7F021E62D72002DFEFC /* Main.storyboard */ = {
			isa = PBXVariantGroup;
			children = (
				AAA2B7F121E62D72002DFEFC /* Base */,
			);
			name = Main.storyboard;
			sourceTree = "<group>";
		};
		AAA2B7F521E62D74002DFEFC /* LaunchScreen.storyboard */ = {
			isa = PBXVariantGroup;
			children = (
				AAA2B7F621E62D74002DFEFC /* Base */,
			);
			name = LaunchScreen.storyboard;
			sourceTree = "<group>";
		};
/* End PBXVariantGroup section */

/* Begin XCBuildConfiguration section */
		AAA2B80F21E62D74002DFEFC /* Debug */ = {
			isa = XCBuildConfiguration;
			buildSettings = {
				ALWAYS_SEARCH_USER_PATHS = NO;
				CLANG_ANALYZER_NONNULL = YES;
				CLANG_ANALYZER_NUMBER_OBJECT_CONVERSION = YES_AGGRESSIVE;
				CLANG_CXX_LANGUAGE_STANDARD = "gnu++14";
				CLANG_CXX_LIBRARY = "libc++";
				CLANG_ENABLE_MODULES = YES;
				CLANG_ENABLE_OBJC_ARC = YES;
				CLANG_ENABLE_OBJC_WEAK = YES;
				CLANG_WARN_BLOCK_CAPTURE_AUTORELEASING = YES;
				CLANG_WARN_BOOL_CONVERSION = YES;
				CLANG_WARN_COMMA = YES;
				CLANG_WARN_CONSTANT_CONVERSION = YES;
				CLANG_WARN_DEPRECATED_OBJC_IMPLEMENTATIONS = YES;
				CLANG_WARN_DIRECT_OBJC_ISA_USAGE = YES_ERROR;
				CLANG_WARN_DOCUMENTATION_COMMENTS = YES;
				CLANG_WARN_EMPTY_BODY = YES;
				CLANG_WARN_ENUM_CONVERSION = YES;
				CLANG_WARN_INFINITE_RECURSION = YES;
				CLANG_WARN_INT_CONVERSION = YES;
				CLANG_WARN_NON_LITERAL_NULL_CONVERSION = YES;
				CLANG_WARN_OBJC_IMPLICIT_RETAIN_SELF = YES;
				CLANG_WARN_OBJC_LITERAL_CONVERSION = YES;
				CLANG_WARN_OBJC_ROOT_CLASS = YES_ERROR;
				CLANG_WARN_RANGE_LOOP_ANALYSIS = YES;
				CLANG_WARN_STRICT_PROTOTYPES = YES;
				CLANG_WARN_SUSPICIOUS_MOVE = YES;
				CLANG_WARN_UNGUARDED_AVAILABILITY = YES_AGGRESSIVE;
				CLANG_WARN_UNREACHABLE_CODE = YES;
				CLANG_WARN__DUPLICATE_METHOD_MATCH = YES;
				CODE_SIGN_IDENTITY = "iPhone Developer";
				COPY_PHASE_STRIP = NO;
				DEBUG_INFORMATION_FORMAT = dwarf;
				ENABLE_STRICT_OBJC_MSGSEND = YES;
				ENABLE_TESTABILITY = YES;
				GCC_C_LANGUAGE_STANDARD = gnu11;
				GCC_DYNAMIC_NO_PIC = NO;
				GCC_NO_COMMON_BLOCKS = YES;
				GCC_OPTIMIZATION_LEVEL = 0;
				GCC_PREPROCESSOR_DEFINITIONS = (
					"DEBUG=1",
					"$(inherited)",
				);
				GCC_WARN_64_TO_32_BIT_CONVERSION = YES;
				GCC_WARN_ABOUT_RETURN_TYPE = YES_ERROR;
				GCC_WARN_UNDECLARED_SELECTOR = YES;
				GCC_WARN_UNINITIALIZED_AUTOS = YES_AGGRESSIVE;
				GCC_WARN_UNUSED_FUNCTION = YES;
				GCC_WARN_UNUSED_VARIABLE = YES;
				IPHONEOS_DEPLOYMENT_TARGET = 12.1;
				MTL_ENABLE_DEBUG_INFO = INCLUDE_SOURCE;
				MTL_FAST_MATH = YES;
				ONLY_ACTIVE_ARCH = YES;
				SDKROOT = iphoneos;
				SWIFT_ACTIVE_COMPILATION_CONDITIONS = DEBUG;
				SWIFT_OPTIMIZATION_LEVEL = "-Onone";
			};
			name = Debug;
		};
		AAA2B81021E62D74002DFEFC /* Release */ = {
			isa = XCBuildConfiguration;
			buildSettings = {
				ALWAYS_SEARCH_USER_PATHS = NO;
				CLANG_ANALYZER_NONNULL = YES;
				CLANG_ANALYZER_NUMBER_OBJECT_CONVERSION = YES_AGGRESSIVE;
				CLANG_CXX_LANGUAGE_STANDARD = "gnu++14";
				CLANG_CXX_LIBRARY = "libc++";
				CLANG_ENABLE_MODULES = YES;
				CLANG_ENABLE_OBJC_ARC = YES;
				CLANG_ENABLE_OBJC_WEAK = YES;
				CLANG_WARN_BLOCK_CAPTURE_AUTORELEASING = YES;
				CLANG_WARN_BOOL_CONVERSION = YES;
				CLANG_WARN_COMMA = YES;
				CLANG_WARN_CONSTANT_CONVERSION = YES;
				CLANG_WARN_DEPRECATED_OBJC_IMPLEMENTATIONS = YES;
				CLANG_WARN_DIRECT_OBJC_ISA_USAGE = YES_ERROR;
				CLANG_WARN_DOCUMENTATION_COMMENTS = YES;
				CLANG_WARN_EMPTY_BODY = YES;
				CLANG_WARN_ENUM_CONVERSION = YES;
				CLANG_WARN_INFINITE_RECURSION = YES;
				CLANG_WARN_INT_CONVERSION = YES;
				CLANG_WARN_NON_LITERAL_NULL_CONVERSION = YES;
				CLANG_WARN_OBJC_IMPLICIT_RETAIN_SELF = YES;
				CLANG_WARN_OBJC_LITERAL_CONVERSION = YES;
				CLANG_WARN_OBJC_ROOT_CLASS = YES_ERROR;
				CLANG_WARN_RANGE_LOOP_ANALYSIS = YES;
				CLANG_WARN_STRICT_PROTOTYPES = YES;
				CLANG_WARN_SUSPICIOUS_MOVE = YES;
				CLANG_WARN_UNGUARDED_AVAILABILITY = YES_AGGRESSIVE;
				CLANG_WARN_UNREACHABLE_CODE = YES;
				CLANG_WARN__DUPLICATE_METHOD_MATCH = YES;
				CODE_SIGN_IDENTITY = "iPhone Developer";
				COPY_PHASE_STRIP = NO;
				DEBUG_INFORMATION_FORMAT = "dwarf-with-dsym";
				ENABLE_NS_ASSERTIONS = NO;
				ENABLE_STRICT_OBJC_MSGSEND = YES;
				GCC_C_LANGUAGE_STANDARD = gnu11;
				GCC_NO_COMMON_BLOCKS = YES;
				GCC_WARN_64_TO_32_BIT_CONVERSION = YES;
				GCC_WARN_ABOUT_RETURN_TYPE = YES_ERROR;
				GCC_WARN_UNDECLARED_SELECTOR = YES;
				GCC_WARN_UNINITIALIZED_AUTOS = YES_AGGRESSIVE;
				GCC_WARN_UNUSED_FUNCTION = YES;
				GCC_WARN_UNUSED_VARIABLE = YES;
				IPHONEOS_DEPLOYMENT_TARGET = 12.1;
				MTL_ENABLE_DEBUG_INFO = NO;
				MTL_FAST_MATH = YES;
				SDKROOT = iphoneos;
				SWIFT_COMPILATION_MODE = wholemodule;
				SWIFT_OPTIMIZATION_LEVEL = "-O";
				VALIDATE_PRODUCT = YES;
			};
			name = Release;
		};
		AAA2B81221E62D74002DFEFC /* Debug */ = {
			isa = XCBuildConfiguration;
			buildSettings = {
				ASSETCATALOG_COMPILER_APPICON_NAME = AppIcon;
				CODE_SIGN_STYLE = Automatic;
				INFOPLIST_FILE = Lab1/Info.plist;
				LD_RUNPATH_SEARCH_PATHS = (
					"$(inherited)",
					"@executable_path/Frameworks",
				);
				PRODUCT_BUNDLE_IDENTIFIER = "-33.Lab1";
				PRODUCT_NAME = "$(TARGET_NAME)";
				SWIFT_VERSION = 4.2;
				TARGETED_DEVICE_FAMILY = "1,2";
			};
			name = Debug;
		};
		AAA2B81321E62D74002DFEFC /* Release */ = {
			isa = XCBuildConfiguration;
			buildSettings = {
				ASSETCATALOG_COMPILER_APPICON_NAME = AppIcon;
				CODE_SIGN_STYLE = Automatic;
				INFOPLIST_FILE = Lab1/Info.plist;
				LD_RUNPATH_SEARCH_PATHS = (
					"$(inherited)",
					"@executable_path/Frameworks",
				);
				PRODUCT_BUNDLE_IDENTIFIER = "-33.Lab1";
				PRODUCT_NAME = "$(TARGET_NAME)";
				SWIFT_VERSION = 4.2;
				TARGETED_DEVICE_FAMILY = "1,2";
			};
			name = Release;
		};
		AAA2B81521E62D74002DFEFC /* Debug */ = {
			isa = XCBuildConfiguration;
			buildSettings = {
				ALWAYS_EMBED_SWIFT_STANDARD_LIBRARIES = YES;
				BUNDLE_LOADER = "$(TEST_HOST)";
				CODE_SIGN_STYLE = Automatic;
				INFOPLIST_FILE = Lab1Tests/Info.plist;
				LD_RUNPATH_SEARCH_PATHS = (
					"$(inherited)",
					"@executable_path/Frameworks",
					"@loader_path/Frameworks",
				);
				PRODUCT_BUNDLE_IDENTIFIER = "-33.Lab1Tests";
				PRODUCT_NAME = "$(TARGET_NAME)";
				SWIFT_VERSION = 4.2;
				TARGETED_DEVICE_FAMILY = "1,2";
				TEST_HOST = "$(BUILT_PRODUCTS_DIR)/Lab1.app/Lab1";
			};
			name = Debug;
		};
		AAA2B81621E62D74002DFEFC /* Release */ = {
			isa = XCBuildConfiguration;
			buildSettings = {
				ALWAYS_EMBED_SWIFT_STANDARD_LIBRARIES = YES;
				BUNDLE_LOADER = "$(TEST_HOST)";
				CODE_SIGN_STYLE = Automatic;
				INFOPLIST_FILE = Lab1Tests/Info.plist;
				LD_RUNPATH_SEARCH_PATHS = (
					"$(inherited)",
					"@executable_path/Frameworks",
					"@loader_path/Frameworks",
				);
				PRODUCT_BUNDLE_IDENTIFIER = "-33.Lab1Tests";
				PRODUCT_NAME = "$(TARGET_NAME)";
				SWIFT_VERSION = 4.2;
				TARGETED_DEVICE_FAMILY = "1,2";
				TEST_HOST = "$(BUILT_PRODUCTS_DIR)/Lab1.app/Lab1";
			};
			name = Release;
		};
		AAA2B81821E62D74002DFEFC /* Debug */ = {
			isa = XCBuildConfiguration;
			buildSettings = {
				ALWAYS_EMBED_SWIFT_STANDARD_LIBRARIES = YES;
				CODE_SIGN_STYLE = Automatic;
				INFOPLIST_FILE = Lab1UITests/Info.plist;
				LD_RUNPATH_SEARCH_PATHS = (
					"$(inherited)",
					"@executable_path/Frameworks",
					"@loader_path/Frameworks",
				);
				PRODUCT_BUNDLE_IDENTIFIER = "-33.Lab1UITests";
				PRODUCT_NAME = "$(TARGET_NAME)";
				SWIFT_VERSION = 4.2;
				TARGETED_DEVICE_FAMILY = "1,2";
				TEST_TARGET_NAME = Lab1;
			};
			name = Debug;
		};
		AAA2B81921E62D74002DFEFC /* Release */ = {
			isa = XCBuildConfiguration;
			buildSettings = {
				ALWAYS_EMBED_SWIFT_STANDARD_LIBRARIES = YES;
				CODE_SIGN_STYLE = Automatic;
				INFOPLIST_FILE = Lab1UITests/Info.plist;
				LD_RUNPATH_SEARCH_PATHS = (
					"$(inherited)",
					"@executable_path/Frameworks",
					"@loader_path/Frameworks",
				);
				PRODUCT_BUNDLE_IDENTIFIER = "-33.Lab1UITests";
				PRODUCT_NAME = "$(TARGET_NAME)";
				SWIFT_VERSION = 4.2;
				TARGETED_DEVICE_FAMILY = "1,2";
				TEST_TARGET_NAME = Lab1;
			};
			name = Release;
		};
/* End XCBuildConfiguration section */

/* Begin XCConfigurationList section */
		AAA2B7E421E62D72002DFEFC /* Build configuration list for PBXProject "Lab1" */ = {
			isa = XCConfigurationList;
			buildConfigurations = (
				AAA2B80F21E62D74002DFEFC /* Debug */,
				AAA2B81021E62D74002DFEFC /* Release */,
			);
			defaultConfigurationIsVisible = 0;
			defaultConfigurationName = Release;
		};
		AAA2B81121E62D74002DFEFC /* Build configuration list for PBXNativeTarget "Lab1" */ = {
			isa = XCConfigurationList;
			buildConfigurations = (
				AAA2B81221E62D74002DFEFC /* Debug */,
				AAA2B81321E62D74002DFEFC /* Release */,
			);
			defaultConfigurationIsVisible = 0;
			defaultConfigurationName = Release;
		};
		AAA2B81421E62D74002DFEFC /* Build configuration list for PBXNativeTarget "Lab1Tests" */ = {
			isa = XCConfigurationList;
			buildConfigurations = (
				AAA2B81521E62D74002DFEFC /* Debug */,
				AAA2B81621E62D74002DFEFC /* Release */,
			);
			defaultConfigurationIsVisible = 0;
			defaultConfigurationName = Release;
		};
		AAA2B81721E62D74002DFEFC /* Build configuration list for PBXNativeTarget "Lab1UITests" */ = {
			isa = XCConfigurationList;
			buildConfigurations = (
				AAA2B81821E62D74002DFEFC /* Debug */,
				AAA2B81921E62D74002DFEFC /* Release */,
			);
			defaultConfigurationIsVisible = 0;
			defaultConfigurationName = Release;
		};
/* End XCConfigurationList section */
	};
	rootObject = AAA2B7E121E62D72002DFEFC /* Project object */;
}
